
Microsoft Visual Studio Solution File, Format Version 12.00
# Visual Studio Version 17
VisualStudioVersion = 17.3.32811.315
MinimumVisualStudioVersion = 10.0.40219.1
Project("{FAE04EC0-301F-11D3-BF4B-00C04F79EFBC}") = "WebApiGateway", "WebApiGateway.csproj", "{52F8849C-9D61-42AF-9040-34D880A9BDFE}"
EndProject
Project("{FAE04EC0-301F-11D3-BF4B-00C04F79EFBC}") = "UserService", "..\UserService\UserService.csproj", "{21861059-7E49-496B-8BDD-4F144424D03B}"
EndProject
Project("{FAE04EC0-301F-11D3-BF4B-00C04F79EFBC}") = "sampleService", "..\sampleService\sampleService.csproj", "{22909C1E-0ED1-452B-BC65-57CFFB0F40A6}"
EndProject
Global
	GlobalSection(SolutionConfigurationPlatforms) = preSolution
		Debug|Any CPU = Debug|Any CPU
		Release|Any CPU = Release|Any CPU
	EndGlobalSection
	GlobalSection(ProjectConfigurationPlatforms) = postSolution
		{52F8849C-9D61-42AF-9040-34D880A9BDFE}.Debug|Any CPU.ActiveCfg = Debug|Any CPU
		{52F8849C-9D61-42AF-9040-34D880A9BDFE}.Debug|Any CPU.Build.0 = Debug|Any CPU
		{52F8849C-9D61-42AF-9040-34D880A9BDFE}.Release|Any CPU.ActiveCfg = Release|Any CPU
		{52F8849C-9D61-42AF-9040-34D880A9BDFE}.Release|Any CPU.Build.0 = Release|Any CPU
		{21861059-7E49-496B-8BDD-4F144424D03B}.Debug|Any CPU.ActiveCfg = Debug|Any CPU
		{21861059-7E49-496B-8BDD-4F144424D03B}.Debug|Any CPU.Build.0 = Debug|Any CPU
		{21861059-7E49-496B-8BDD-4F144424D03B}.Release|Any CPU.ActiveCfg = Release|Any CPU
		{21861059-7E49-496B-8BDD-4F144424D03B}.Release|Any CPU.Build.0 = Release|Any CPU
		{22909C1E-0ED1-452B-BC65-57CFFB0F40A6}.Debug|Any CPU.ActiveCfg = Debug|Any CPU
		{22909C1E-0ED1-452B-BC65-57CFFB0F40A6}.Debug|Any CPU.Build.0 = Debug|Any CPU
		{22909C1E-0ED1-452B-BC65-57CFFB0F40A6}.Release|Any CPU.ActiveCfg = Release|Any CPU
		{22909C1E-0ED1-452B-BC65-57CFFB0F40A6}.Release|Any CPU.Build.0 = Release|Any CPU
	EndGlobalSection
	GlobalSection(SolutionProperties) = preSolution
		HideSolutionNode = FALSE
	EndGlobalSection
	GlobalSection(ExtensibilityGlobals) = postSolution
		SolutionGuid = {87B2A231-05B9-4AE2-BB40-61B415D59ABF}
	EndGlobalSection
EndGlobal
